// !$*UTF8*$!
{
	archiveVersion = 1;
	classes = {
	};
	objectVersion = 46;
	objects = {

/* Begin PBXBuildFile section */
		5B077DF62B1A000000F8D4E9 /* CAiPadIsolatedChatView.m in Sources */ = {isa = PBXBuildFile; fileRef = 5B077DF52B1A000000F8D4E9 /* CAiPadIsolatedChatView.m */; };
		5B077DF82B1A036200F8D4E9 /* iPhone.storyboard in Resources */ = {isa = PBXBuildFile; fileRef = 5B077DF72B1A036200F8D4E9 /* iPhone.storyboard */; };
		5B077DFA2B1A037D00F8D4E9 /* iPad.storyboard in Resources */ = {isa = PBXBuildFile; fileRef = 5B077DF92B1A037D00F8D4E9 /* iPad.storyboard */; };
		5B077DFD2B1A03FE00F8D4E9 /* CASidebarTableViewController.m in Sources */ = {isa = PBXBuildFile; fileRef = 5B077DFC2B1A03FE00F8D4E9 /* CASidebarTableViewController.m */; };
		5B0862B12B1BDCA1008308DE /* CANewsletterViewController.m in Sources */ = {isa = PBXBuildFile; fileRef = 5B0862B02B1BDCA1008308DE /* CANewsletterViewController.m */; };
		5B0A1F102B4CBABF00FA85F7 /* PREFHeader.png in Resources */ = {isa = PBXBuildFile; fileRef = 5B0A1F0F2B4CBABF00FA85F7 /* PREFHeader.png */; };
		5B1893E42B1C938100AAC4C3 /* piracy.png in Resources */ = {isa = PBXBuildFile; fileRef = 5B1893E32B1C938100AAC4C3 /* piracy.png */; };
		5B29A2EA2B236B8A00E91E18 /* Chat.png in Resources */ = {isa = PBXBuildFile; fileRef = 5B29A2E92B236B8A00E91E18 /* Chat.png */; };
		5B29A2EC2B236EDF00E91E18 /* Share.png in Resources */ = {isa = PBXBuildFile; fileRef = 5B29A2EB2B236EDF00E91E18 /* Share.png */; };
		5B29A2EF2B2371B400E91E18 /* Clear.png in Resources */ = {isa = PBXBuildFile; fileRef = 5B29A2ED2B2371B400E91E18 /* Clear.png */; };
		5B29A2F02B2371B400E91E18 /* mail.png in Resources */ = {isa = PBXBuildFile; fileRef = 5B29A2EE2B2371B400E91E18 /* mail.png */; };
		5B29A2F22B23742A00E91E18 /* Done.png in Resources */ = {isa = PBXBuildFile; fileRef = 5B29A2F12B23742A00E91E18 /* Done.png */; };
		5B3A1F702B19E5C4004909DE /* BaseAboutPage.m in Sources */ = {isa = PBXBuildFile; fileRef = 5B3A1F542B19E5C4004909DE /* BaseAboutPage.m */; };
		5B3A1F712B19E5C4004909DE /* APIHolderViewController.m in Sources */ = {isa = PBXBuildFile; fileRef = 5B3A1F582B19E5C4004909DE /* APIHolderViewController.m */; };
		5B3A1F722B19E5C4004909DE /* JohnViewController.m in Sources */ = {isa = PBXBuildFile; fileRef = 5B3A1F5B2B19E5C4004909DE /* JohnViewController.m */; };
		5B3A1F732B19E5C4004909DE /* ChatViewController.m in Sources */ = {isa = PBXBuildFile; fileRef = 5B3A1F5E2B19E5C4004909DE /* ChatViewController.m */; };
		5B3A1F742B19E5C4004909DE /* AppDelegate.m in Sources */ = {isa = PBXBuildFile; fileRef = 5B3A1F612B19E5C4004909DE /* AppDelegate.m */; };
		5B3A1F752B19E5C4004909DE /* ChatTableViewCell.m in Sources */ = {isa = PBXBuildFile; fileRef = 5B3A1F652B19E5C4004909DE /* ChatTableViewCell.m */; };
		5B3A1F762B19E5C4004909DE /* TRMalleableFrameView.m in Sources */ = {isa = PBXBuildFile; fileRef = 5B3A1F672B19E5C4004909DE /* TRMalleableFrameView.m */; };
		5B3A1F782B19E5C4004909DE /* SettingsViewController.m in Sources */ = {isa = PBXBuildFile; fileRef = 5B3A1F6E2B19E5C4004909DE /* SettingsViewController.m */; };
		5B4C47CE2B1C6A0F00D717C2 /* Key_Large@2x.png in Resources */ = {isa = PBXBuildFile; fileRef = 5B4C47CD2B1C6A0F00D717C2 /* Key_Large@2x.png */; };
		5B4C47D22B1C732300D717C2 /* AboutCellResource.png in Resources */ = {isa = PBXBuildFile; fileRef = 5B4C47D02B1C732200D717C2 /* AboutCellResource.png */; };
		5B4C47D32B1C732300D717C2 /* GuideCellResource.png in Resources */ = {isa = PBXBuildFile; fileRef = 5B4C47D12B1C732300D717C2 /* GuideCellResource.png */; };
		5B4C47D52B1C748D00D717C2 /* Bag-XMLCellResource.png in Resources */ = {isa = PBXBuildFile; fileRef = 5B4C47D42B1C748D00D717C2 /* Bag-XMLCellResource.png */; };
		5B5723642B1CC2F400C391B2 /* CAHistoryTable.m in Sources */ = {isa = PBXBuildFile; fileRef = 5B5723632B1CC2F400C391B2 /* CAHistoryTable.m */; };
		5B69E4372B1BE06F00D7A1EB /* CASourceControlViewController.m in Sources */ = {isa = PBXBuildFile; fileRef = 5B69E4362B1BE06F00D7A1EB /* CASourceControlViewController.m */; };
		5B8D907E2B27792700AC7E2D /* no.png in Resources */ = {isa = PBXBuildFile; fileRef = 5B8D907D2B27792700AC7E2D /* no.png */; };
		5BB558FA2B1BD7F700CB40D2 /* bag-xml.png in Resources */ = {isa = PBXBuildFile; fileRef = 5BB558EE2B1BD7F700CB40D2 /* bag-xml.png */; };
		5BB558FB2B1BD7F700CB40D2 /* openai.png in Resources */ = {isa = PBXBuildFile; fileRef = 5BB558EF2B1BD7F700CB40D2 /* openai.png */; };
		5BB558FC2B1BD7F700CB40D2 /* shiypc.png in Resources */ = {isa = PBXBuildFile; fileRef = 5BB558F02B1BD7F700CB40D2 /* shiypc.png */; };
		5BB558FD2B1BD7F700CB40D2 /* banner.png in Resources */ = {isa = PBXBuildFile; fileRef = 5BB558F22B1BD7F700CB40D2 /* banner.png */; };
		5BB558FE2B1BD7F700CB40D2 /* CellImage.png in Resources */ = {isa = PBXBuildFile; fileRef = 5BB558F32B1BD7F700CB40D2 /* CellImage.png */; };
		5BB558FF2B1BD7F700CB40D2 /* Steve_Jobs.png in Resources */ = {isa = PBXBuildFile; fileRef = 5BB558F42B1BD7F700CB40D2 /* Steve_Jobs.png */; };
		5BB559002B1BD7F700CB40D2 /* preferences.png in Resources */ = {isa = PBXBuildFile; fileRef = 5BB558F62B1BD7F700CB40D2 /* preferences.png */; };
		5BB559012B1BD7F700CB40D2 /* preferences@2x.png in Resources */ = {isa = PBXBuildFile; fileRef = 5BB558F72B1BD7F700CB40D2 /* preferences@2x.png */; };
		5BB559022B1BD7F700CB40D2 /* Send.png in Resources */ = {isa = PBXBuildFile; fileRef = 5BB558F82B1BD7F700CB40D2 /* Send.png */; };
		5BB559032B1BD7F700CB40D2 /* Send@2x.png in Resources */ = {isa = PBXBuildFile; fileRef = 5BB558F92B1BD7F700CB40D2 /* Send@2x.png */; };
		5BD49F602B23D88600617A49 /* CAPrefTable.m in Sources */ = {isa = PBXBuildFile; fileRef = 5BD49F5F2B23D88600617A49 /* CAPrefTable.m */; };
		5BE4580D2B1CACE000885BD5 /* History.png in Resources */ = {isa = PBXBuildFile; fileRef = 5BE4580B2B1CACE000885BD5 /* History.png */; };
		5BE4580E2B1CACE000885BD5 /* NewChat.png in Resources */ = {isa = PBXBuildFile; fileRef = 5BE4580C2B1CACE000885BD5 /* NewChat.png */; };
		5BE68FA22B5FDF9D000F1EC4 /* bubbleMine.png in Resources */ = {isa = PBXBuildFile; fileRef = 5BE68F8C2B5FDF9D000F1EC4 /* bubbleMine.png */; };
		5BE68FA32B5FDF9D000F1EC4 /* bubbleMine@2x.png in Resources */ = {isa = PBXBuildFile; fileRef = 5BE68F8D2B5FDF9D000F1EC4 /* bubbleMine@2x.png */; };
		5BE68FA42B5FDF9D000F1EC4 /* bubbleSomeone.png in Resources */ = {isa = PBXBuildFile; fileRef = 5BE68F8E2B5FDF9D000F1EC4 /* bubbleSomeone.png */; };
		5BE68FA52B5FDF9D000F1EC4 /* bubbleSomeone@2x.png in Resources */ = {isa = PBXBuildFile; fileRef = 5BE68F8F2B5FDF9D000F1EC4 /* bubbleSomeone@2x.png */; };
		5BE68FA62B5FDF9D000F1EC4 /* missingAvatar.png in Resources */ = {isa = PBXBuildFile; fileRef = 5BE68F902B5FDF9D000F1EC4 /* missingAvatar.png */; };
		5BE68FA72B5FDF9D000F1EC4 /* missingAvatar@2x.png in Resources */ = {isa = PBXBuildFile; fileRef = 5BE68F912B5FDF9D000F1EC4 /* missingAvatar@2x.png */; };
		5BE68FA82B5FDF9D000F1EC4 /* typingMine.png in Resources */ = {isa = PBXBuildFile; fileRef = 5BE68F922B5FDF9D000F1EC4 /* typingMine.png */; };
		5BE68FA92B5FDF9D000F1EC4 /* typingMine@2x.png in Resources */ = {isa = PBXBuildFile; fileRef = 5BE68F932B5FDF9D000F1EC4 /* typingMine@2x.png */; };
		5BE68FAA2B5FDF9D000F1EC4 /* typingSomeone.png in Resources */ = {isa = PBXBuildFile; fileRef = 5BE68F942B5FDF9D000F1EC4 /* typingSomeone.png */; };
		5BE68FAB2B5FDF9D000F1EC4 /* typingSomeone@2x.png in Resources */ = {isa = PBXBuildFile; fileRef = 5BE68F952B5FDF9D000F1EC4 /* typingSomeone@2x.png */; };
		5BE68FAC2B5FDF9D000F1EC4 /* NSBubbleData.m in Sources */ = {isa = PBXBuildFile; fileRef = 5BE68F972B5FDF9D000F1EC4 /* NSBubbleData.m */; };
		5BE68FAD2B5FDF9D000F1EC4 /* UIBubbleHeaderTableViewCell.m in Sources */ = {isa = PBXBuildFile; fileRef = 5BE68F992B5FDF9D000F1EC4 /* UIBubbleHeaderTableViewCell.m */; };
		5BE68FAE2B5FDF9D000F1EC4 /* UIBubbleTableView.m in Sources */ = {isa = PBXBuildFile; fileRef = 5BE68F9B2B5FDF9D000F1EC4 /* UIBubbleTableView.m */; };
		5BE68FAF2B5FDF9D000F1EC4 /* UIBubbleTableViewCell.m in Sources */ = {isa = PBXBuildFile; fileRef = 5BE68F9D2B5FDF9D000F1EC4 /* UIBubbleTableViewCell.m */; };
		5BE68FB02B5FDF9D000F1EC4 /* UIBubbleTypingTableViewCell.m in Sources */ = {isa = PBXBuildFile; fileRef = 5BE68FA12B5FDF9D000F1EC4 /* UIBubbleTypingTableViewCell.m */; };
		5BEBC1CD2B1CE4EB000B39CE /* CAHistoryTextViewController.m in Sources */ = {isa = PBXBuildFile; fileRef = 5BEBC1CC2B1CE4EB000B39CE /* CAHistoryTextViewController.m */; };
		5BFA51452B1D01D80002873D /* errorwtf.png in Resources */ = {isa = PBXBuildFile; fileRef = 5BFA51442B1D01D80002873D /* errorwtf.png */; };
		5BFA51472B1D0B730002873D /* Discord.png in Resources */ = {isa = PBXBuildFile; fileRef = 5BFA51462B1D0B730002873D /* Discord.png */; };
		5BFA51492B1D1AD80002873D /* guide.png in Resources */ = {isa = PBXBuildFile; fileRef = 5BFA51482B1D1AD80002873D /* guide.png */; };
		5BFA514B2B1D20910002873D /* guidebanner.png in Resources */ = {isa = PBXBuildFile; fileRef = 5BFA514A2B1D20910002873D /* guidebanner.png */; };
		5BFA514D2B1D30140002873D /* prompt.png in Resources */ = {isa = PBXBuildFile; fileRef = 5BFA514C2B1D30140002873D /* prompt.png */; };
		5BFA514F2B1D30FC0002873D /* Naming.png in Resources */ = {isa = PBXBuildFile; fileRef = 5BFA514E2B1D30FC0002873D /* Naming.png */; };
		5BFA51522B1D36D40002873D /* CAWelcomeTableViewController.m in Sources */ = {isa = PBXBuildFile; fileRef = 5BFA51512B1D36D40002873D /* CAWelcomeTableViewController.m */; };
		C62AEF602A898C8B00DD8D5A /* UIKit.framework in Frameworks */ = {isa = PBXBuildFile; fileRef = C62AEF5F2A898C8B00DD8D5A /* UIKit.framework */; };
		C62AEF622A898C8B00DD8D5A /* Foundation.framework in Frameworks */ = {isa = PBXBuildFile; fileRef = C62AEF612A898C8B00DD8D5A /* Foundation.framework */; };
		C62AEF642A898C8B00DD8D5A /* CoreGraphics.framework in Frameworks */ = {isa = PBXBuildFile; fileRef = C62AEF632A898C8B00DD8D5A /* CoreGraphics.framework */; };
		C62AEF6A2A898C8B00DD8D5A /* InfoPlist.strings in Resources */ = {isa = PBXBuildFile; fileRef = C62AEF682A898C8B00DD8D5A /* InfoPlist.strings */; };
		C62AEF6C2A898C8B00DD8D5A /* main.m in Sources */ = {isa = PBXBuildFile; fileRef = C62AEF6B2A898C8B00DD8D5A /* main.m */; };
		C62AEF842A898C8C00DD8D5A /* SenTestingKit.framework in Frameworks */ = {isa = PBXBuildFile; fileRef = C62AEF832A898C8C00DD8D5A /* SenTestingKit.framework */; };
		C62AEF852A898C8C00DD8D5A /* UIKit.framework in Frameworks */ = {isa = PBXBuildFile; fileRef = C62AEF5F2A898C8B00DD8D5A /* UIKit.framework */; };
		C62AEF862A898C8C00DD8D5A /* Foundation.framework in Frameworks */ = {isa = PBXBuildFile; fileRef = C62AEF612A898C8B00DD8D5A /* Foundation.framework */; };
		C62AEF8E2A898C8C00DD8D5A /* InfoPlist.strings in Resources */ = {isa = PBXBuildFile; fileRef = C62AEF8C2A898C8C00DD8D5A /* InfoPlist.strings */; };
		C62AEF912A898C8C00DD8D5A /* CaTests.m in Sources */ = {isa = PBXBuildFile; fileRef = C62AEF902A898C8C00DD8D5A /* CaTests.m */; };
		C684EAF82A8BFFB900EDDDB7 /* Images.xcassets in Resources */ = {isa = PBXBuildFile; fileRef = C684EAF72A8BFFB900EDDDB7 /* Images.xcassets */; };
/* End PBXBuildFile section */

/* Begin PBXContainerItemProxy section */
		C62AEF872A898C8C00DD8D5A /* PBXContainerItemProxy */ = {
			isa = PBXContainerItemProxy;
			containerPortal = C62AEF542A898C8B00DD8D5A /* Project object */;
			proxyType = 1;
			remoteGlobalIDString = C62AEF5B2A898C8B00DD8D5A;
			remoteInfo = Ca;
		};
/* End PBXContainerItemProxy section */

/* Begin PBXFileReference section */
		5B077DF42B1A000000F8D4E9 /* CAiPadIsolatedChatView.h */ = {isa = PBXFileReference; fileEncoding = 4; lastKnownFileType = sourcecode.c.h; path = CAiPadIsolatedChatView.h; sourceTree = "<group>"; };
		5B077DF52B1A000000F8D4E9 /* CAiPadIsolatedChatView.m */ = {isa = PBXFileReference; fileEncoding = 4; lastKnownFileType = sourcecode.c.objc; path = CAiPadIsolatedChatView.m; sourceTree = "<group>"; };
		5B077DF72B1A036200F8D4E9 /* iPhone.storyboard */ = {isa = PBXFileReference; fileEncoding = 4; lastKnownFileType = file.storyboard; path = iPhone.storyboard; sourceTree = "<group>"; };
		5B077DF92B1A037D00F8D4E9 /* iPad.storyboard */ = {isa = PBXFileReference; fileEncoding = 4; lastKnownFileType = file.storyboard; path = iPad.storyboard; sourceTree = "<group>"; };
		5B077DFB2B1A03FE00F8D4E9 /* CASidebarTableViewController.h */ = {isa = PBXFileReference; fileEncoding = 4; lastKnownFileType = sourcecode.c.h; path = CASidebarTableViewController.h; sourceTree = "<group>"; };
		5B077DFC2B1A03FE00F8D4E9 /* CASidebarTableViewController.m */ = {isa = PBXFileReference; fileEncoding = 4; lastKnownFileType = sourcecode.c.objc; path = CASidebarTableViewController.m; sourceTree = "<group>"; };
		5B0862AF2B1BDCA1008308DE /* CANewsletterViewController.h */ = {isa = PBXFileReference; fileEncoding = 4; lastKnownFileType = sourcecode.c.h; path = CANewsletterViewController.h; sourceTree = "<group>"; };
		5B0862B02B1BDCA1008308DE /* CANewsletterViewController.m */ = {isa = PBXFileReference; fileEncoding = 4; lastKnownFileType = sourcecode.c.objc; path = CANewsletterViewController.m; sourceTree = "<group>"; };
		5B0A1F0F2B4CBABF00FA85F7 /* PREFHeader.png */ = {isa = PBXFileReference; lastKnownFileType = image.png; path = PREFHeader.png; sourceTree = "<group>"; };
		5B1893E32B1C938100AAC4C3 /* piracy.png */ = {isa = PBXFileReference; lastKnownFileType = image.png; path = piracy.png; sourceTree = "<group>"; };
		5B29A2E92B236B8A00E91E18 /* Chat.png */ = {isa = PBXFileReference; lastKnownFileType = image.png; path = Chat.png; sourceTree = "<group>"; };
		5B29A2EB2B236EDF00E91E18 /* Share.png */ = {isa = PBXFileReference; lastKnownFileType = image.png; path = Share.png; sourceTree = "<group>"; };
		5B29A2ED2B2371B400E91E18 /* Clear.png */ = {isa = PBXFileReference; lastKnownFileType = image.png; path = Clear.png; sourceTree = "<group>"; };
		5B29A2EE2B2371B400E91E18 /* mail.png */ = {isa = PBXFileReference; lastKnownFileType = image.png; path = mail.png; sourceTree = "<group>"; };
		5B29A2F12B23742A00E91E18 /* Done.png */ = {isa = PBXFileReference; lastKnownFileType = image.png; path = Done.png; sourceTree = "<group>"; };
		5B3A1F532B19E5C4004909DE /* BaseAboutPage.h */ = {isa = PBXFileReference; fileEncoding = 4; lastKnownFileType = sourcecode.c.h; lineEnding = 0; path = BaseAboutPage.h; sourceTree = "<group>"; xcLanguageSpecificationIdentifier = xcode.lang.objcpp; };
		5B3A1F542B19E5C4004909DE /* BaseAboutPage.m */ = {isa = PBXFileReference; fileEncoding = 4; lastKnownFileType = sourcecode.c.objc; lineEnding = 0; path = BaseAboutPage.m; sourceTree = "<group>"; xcLanguageSpecificationIdentifier = xcode.lang.objc; };
		5B3A1F572B19E5C4004909DE /* APIHolderViewController.h */ = {isa = PBXFileReference; fileEncoding = 4; lastKnownFileType = sourcecode.c.h; path = APIHolderViewController.h; sourceTree = "<group>"; };
		5B3A1F582B19E5C4004909DE /* APIHolderViewController.m */ = {isa = PBXFileReference; fileEncoding = 4; lastKnownFileType = sourcecode.c.objc; path = APIHolderViewController.m; sourceTree = "<group>"; };
		5B3A1F5A2B19E5C4004909DE /* JohnViewController.h */ = {isa = PBXFileReference; fileEncoding = 4; lastKnownFileType = sourcecode.c.h; path = JohnViewController.h; sourceTree = "<group>"; };
		5B3A1F5B2B19E5C4004909DE /* JohnViewController.m */ = {isa = PBXFileReference; fileEncoding = 4; lastKnownFileType = sourcecode.c.objc; path = JohnViewController.m; sourceTree = "<group>"; };
		5B3A1F5D2B19E5C4004909DE /* ChatViewController.h */ = {isa = PBXFileReference; fileEncoding = 4; lastKnownFileType = sourcecode.c.h; lineEnding = 0; path = ChatViewController.h; sourceTree = "<group>"; xcLanguageSpecificationIdentifier = xcode.lang.objcpp; };
		5B3A1F5E2B19E5C4004909DE /* ChatViewController.m */ = {isa = PBXFileReference; fileEncoding = 4; lastKnownFileType = sourcecode.c.objc; lineEnding = 0; path = ChatViewController.m; sourceTree = "<group>"; xcLanguageSpecificationIdentifier = xcode.lang.objc; };
		5B3A1F602B19E5C4004909DE /* AppDelegate.h */ = {isa = PBXFileReference; fileEncoding = 4; lastKnownFileType = sourcecode.c.h; lineEnding = 0; path = AppDelegate.h; sourceTree = "<group>"; xcLanguageSpecificationIdentifier = xcode.lang.objcpp; };
		5B3A1F612B19E5C4004909DE /* AppDelegate.m */ = {isa = PBXFileReference; fileEncoding = 4; lastKnownFileType = sourcecode.c.objc; lineEnding = 0; path = AppDelegate.m; sourceTree = "<group>"; xcLanguageSpecificationIdentifier = xcode.lang.objc; };
		5B3A1F642B19E5C4004909DE /* ChatTableViewCell.h */ = {isa = PBXFileReference; fileEncoding = 4; lastKnownFileType = sourcecode.c.h; lineEnding = 0; path = ChatTableViewCell.h; sourceTree = "<group>"; xcLanguageSpecificationIdentifier = xcode.lang.objcpp; };
		5B3A1F652B19E5C4004909DE /* ChatTableViewCell.m */ = {isa = PBXFileReference; fileEncoding = 4; lastKnownFileType = sourcecode.c.objc; lineEnding = 0; path = ChatTableViewCell.m; sourceTree = "<group>"; xcLanguageSpecificationIdentifier = xcode.lang.objc; };
		5B3A1F662B19E5C4004909DE /* TRMalleableFrameView.h */ = {isa = PBXFileReference; fileEncoding = 4; lastKnownFileType = sourcecode.c.h; path = TRMalleableFrameView.h; sourceTree = "<group>"; };
		5B3A1F672B19E5C4004909DE /* TRMalleableFrameView.m */ = {isa = PBXFileReference; fileEncoding = 4; lastKnownFileType = sourcecode.c.objc; path = TRMalleableFrameView.m; sourceTree = "<group>"; };
		5B3A1F6D2B19E5C4004909DE /* SettingsViewController.h */ = {isa = PBXFileReference; fileEncoding = 4; lastKnownFileType = sourcecode.c.h; lineEnding = 0; path = SettingsViewController.h; sourceTree = "<group>"; xcLanguageSpecificationIdentifier = xcode.lang.objcpp; };
		5B3A1F6E2B19E5C4004909DE /* SettingsViewController.m */ = {isa = PBXFileReference; fileEncoding = 4; lastKnownFileType = sourcecode.c.objc; lineEnding = 0; path = SettingsViewController.m; sourceTree = "<group>"; xcLanguageSpecificationIdentifier = xcode.lang.objc; };
		5B4C47CD2B1C6A0F00D717C2 /* Key_Large@2x.png */ = {isa = PBXFileReference; lastKnownFileType = image.png; path = "Key_Large@2x.png"; sourceTree = "<group>"; };
		5B4C47D02B1C732200D717C2 /* AboutCellResource.png */ = {isa = PBXFileReference; lastKnownFileType = image.png; path = AboutCellResource.png; sourceTree = "<group>"; };
		5B4C47D12B1C732300D717C2 /* GuideCellResource.png */ = {isa = PBXFileReference; lastKnownFileType = image.png; path = GuideCellResource.png; sourceTree = "<group>"; };
		5B4C47D42B1C748D00D717C2 /* Bag-XMLCellResource.png */ = {isa = PBXFileReference; lastKnownFileType = image.png; path = "Bag-XMLCellResource.png"; sourceTree = "<group>"; };
		5B5723622B1CC2F400C391B2 /* CAHistoryTable.h */ = {isa = PBXFileReference; fileEncoding = 4; lastKnownFileType = sourcecode.c.h; path = CAHistoryTable.h; sourceTree = "<group>"; };
		5B5723632B1CC2F400C391B2 /* CAHistoryTable.m */ = {isa = PBXFileReference; fileEncoding = 4; lastKnownFileType = sourcecode.c.objc; path = CAHistoryTable.m; sourceTree = "<group>"; };
		5B69E4352B1BE06F00D7A1EB /* CASourceControlViewController.h */ = {isa = PBXFileReference; fileEncoding = 4; lastKnownFileType = sourcecode.c.h; path = CASourceControlViewController.h; sourceTree = "<group>"; };
		5B69E4362B1BE06F00D7A1EB /* CASourceControlViewController.m */ = {isa = PBXFileReference; fileEncoding = 4; lastKnownFileType = sourcecode.c.objc; path = CASourceControlViewController.m; sourceTree = "<group>"; };
		5B8D907D2B27792700AC7E2D /* no.png */ = {isa = PBXFileReference; lastKnownFileType = image.png; path = no.png; sourceTree = "<group>"; };
		5BB558EE2B1BD7F700CB40D2 /* bag-xml.png */ = {isa = PBXFileReference; lastKnownFileType = image.png; path = "bag-xml.png"; sourceTree = "<group>"; };
		5BB558EF2B1BD7F700CB40D2 /* openai.png */ = {isa = PBXFileReference; lastKnownFileType = image.png; path = openai.png; sourceTree = "<group>"; };
		5BB558F02B1BD7F700CB40D2 /* shiypc.png */ = {isa = PBXFileReference; lastKnownFileType = image.png; path = shiypc.png; sourceTree = "<group>"; };
		5BB558F22B1BD7F700CB40D2 /* banner.png */ = {isa = PBXFileReference; lastKnownFileType = image.png; path = banner.png; sourceTree = "<group>"; };
		5BB558F32B1BD7F700CB40D2 /* CellImage.png */ = {isa = PBXFileReference; lastKnownFileType = image.png; path = CellImage.png; sourceTree = "<group>"; };
		5BB558F42B1BD7F700CB40D2 /* Steve_Jobs.png */ = {isa = PBXFileReference; lastKnownFileType = image.png; path = Steve_Jobs.png; sourceTree = "<group>"; };
		5BB558F62B1BD7F700CB40D2 /* preferences.png */ = {isa = PBXFileReference; lastKnownFileType = image.png; path = preferences.png; sourceTree = "<group>"; };
		5BB558F72B1BD7F700CB40D2 /* preferences@2x.png */ = {isa = PBXFileReference; lastKnownFileType = image.png; path = "preferences@2x.png"; sourceTree = "<group>"; };
		5BB558F82B1BD7F700CB40D2 /* Send.png */ = {isa = PBXFileReference; lastKnownFileType = image.png; path = Send.png; sourceTree = "<group>"; };
		5BB558F92B1BD7F700CB40D2 /* Send@2x.png */ = {isa = PBXFileReference; lastKnownFileType = image.png; path = "Send@2x.png"; sourceTree = "<group>"; };
		5BD49F5E2B23D88600617A49 /* CAPrefTable.h */ = {isa = PBXFileReference; fileEncoding = 4; lastKnownFileType = sourcecode.c.h; path = CAPrefTable.h; sourceTree = "<group>"; };
		5BD49F5F2B23D88600617A49 /* CAPrefTable.m */ = {isa = PBXFileReference; fileEncoding = 4; lastKnownFileType = sourcecode.c.objc; path = CAPrefTable.m; sourceTree = "<group>"; };
		5BE4580B2B1CACE000885BD5 /* History.png */ = {isa = PBXFileReference; lastKnownFileType = image.png; path = History.png; sourceTree = "<group>"; };
		5BE4580C2B1CACE000885BD5 /* NewChat.png */ = {isa = PBXFileReference; lastKnownFileType = image.png; path = NewChat.png; sourceTree = "<group>"; };
		5BE68F8C2B5FDF9D000F1EC4 /* bubbleMine.png */ = {isa = PBXFileReference; lastKnownFileType = image.png; path = bubbleMine.png; sourceTree = "<group>"; };
		5BE68F8D2B5FDF9D000F1EC4 /* bubbleMine@2x.png */ = {isa = PBXFileReference; lastKnownFileType = image.png; path = "bubbleMine@2x.png"; sourceTree = "<group>"; };
		5BE68F8E2B5FDF9D000F1EC4 /* bubbleSomeone.png */ = {isa = PBXFileReference; lastKnownFileType = image.png; path = bubbleSomeone.png; sourceTree = "<group>"; };
		5BE68F8F2B5FDF9D000F1EC4 /* bubbleSomeone@2x.png */ = {isa = PBXFileReference; lastKnownFileType = image.png; path = "bubbleSomeone@2x.png"; sourceTree = "<group>"; };
		5BE68F902B5FDF9D000F1EC4 /* missingAvatar.png */ = {isa = PBXFileReference; lastKnownFileType = image.png; path = missingAvatar.png; sourceTree = "<group>"; };
		5BE68F912B5FDF9D000F1EC4 /* missingAvatar@2x.png */ = {isa = PBXFileReference; lastKnownFileType = image.png; path = "missingAvatar@2x.png"; sourceTree = "<group>"; };
		5BE68F922B5FDF9D000F1EC4 /* typingMine.png */ = {isa = PBXFileReference; lastKnownFileType = image.png; path = typingMine.png; sourceTree = "<group>"; };
		5BE68F932B5FDF9D000F1EC4 /* typingMine@2x.png */ = {isa = PBXFileReference; lastKnownFileType = image.png; path = "typingMine@2x.png"; sourceTree = "<group>"; };
		5BE68F942B5FDF9D000F1EC4 /* typingSomeone.png */ = {isa = PBXFileReference; lastKnownFileType = image.png; path = typingSomeone.png; sourceTree = "<group>"; };
		5BE68F952B5FDF9D000F1EC4 /* typingSomeone@2x.png */ = {isa = PBXFileReference; lastKnownFileType = image.png; path = "typingSomeone@2x.png"; sourceTree = "<group>"; };
		5BE68F962B5FDF9D000F1EC4 /* NSBubbleData.h */ = {isa = PBXFileReference; fileEncoding = 4; lastKnownFileType = sourcecode.c.h; path = NSBubbleData.h; sourceTree = "<group>"; };
		5BE68F972B5FDF9D000F1EC4 /* NSBubbleData.m */ = {isa = PBXFileReference; fileEncoding = 4; lastKnownFileType = sourcecode.c.objc; path = NSBubbleData.m; sourceTree = "<group>"; };
		5BE68F982B5FDF9D000F1EC4 /* UIBubbleHeaderTableViewCell.h */ = {isa = PBXFileReference; fileEncoding = 4; lastKnownFileType = sourcecode.c.h; path = UIBubbleHeaderTableViewCell.h; sourceTree = "<group>"; };
		5BE68F992B5FDF9D000F1EC4 /* UIBubbleHeaderTableViewCell.m */ = {isa = PBXFileReference; fileEncoding = 4; lastKnownFileType = sourcecode.c.objc; path = UIBubbleHeaderTableViewCell.m; sourceTree = "<group>"; };
		5BE68F9A2B5FDF9D000F1EC4 /* UIBubbleTableView.h */ = {isa = PBXFileReference; fileEncoding = 4; lastKnownFileType = sourcecode.c.h; path = UIBubbleTableView.h; sourceTree = "<group>"; };
		5BE68F9B2B5FDF9D000F1EC4 /* UIBubbleTableView.m */ = {isa = PBXFileReference; fileEncoding = 4; lastKnownFileType = sourcecode.c.objc; path = UIBubbleTableView.m; sourceTree = "<group>"; };
		5BE68F9C2B5FDF9D000F1EC4 /* UIBubbleTableViewCell.h */ = {isa = PBXFileReference; fileEncoding = 4; lastKnownFileType = sourcecode.c.h; path = UIBubbleTableViewCell.h; sourceTree = "<group>"; };
		5BE68F9D2B5FDF9D000F1EC4 /* UIBubbleTableViewCell.m */ = {isa = PBXFileReference; fileEncoding = 4; lastKnownFileType = sourcecode.c.objc; path = UIBubbleTableViewCell.m; sourceTree = "<group>"; };
		5BE68F9E2B5FDF9D000F1EC4 /* UIBubbleTableViewDataSource.h */ = {isa = PBXFileReference; fileEncoding = 4; lastKnownFileType = sourcecode.c.h; path = UIBubbleTableViewDataSource.h; sourceTree = "<group>"; };
		5BE68F9F2B5FDF9D000F1EC4 /* UIBubbleTableViewDelegate.h */ = {isa = PBXFileReference; fileEncoding = 4; lastKnownFileType = sourcecode.c.h; path = UIBubbleTableViewDelegate.h; sourceTree = "<group>"; };
		5BE68FA02B5FDF9D000F1EC4 /* UIBubbleTypingTableViewCell.h */ = {isa = PBXFileReference; fileEncoding = 4; lastKnownFileType = sourcecode.c.h; path = UIBubbleTypingTableViewCell.h; sourceTree = "<group>"; };
		5BE68FA12B5FDF9D000F1EC4 /* UIBubbleTypingTableViewCell.m */ = {isa = PBXFileReference; fileEncoding = 4; lastKnownFileType = sourcecode.c.objc; path = UIBubbleTypingTableViewCell.m; sourceTree = "<group>"; };
		5BEBC1CB2B1CE4EB000B39CE /* CAHistoryTextViewController.h */ = {isa = PBXFileReference; fileEncoding = 4; lastKnownFileType = sourcecode.c.h; path = CAHistoryTextViewController.h; sourceTree = "<group>"; };
		5BEBC1CC2B1CE4EB000B39CE /* CAHistoryTextViewController.m */ = {isa = PBXFileReference; fileEncoding = 4; lastKnownFileType = sourcecode.c.objc; path = CAHistoryTextViewController.m; sourceTree = "<group>"; };
		5BFA51442B1D01D80002873D /* errorwtf.png */ = {isa = PBXFileReference; lastKnownFileType = image.png; path = errorwtf.png; sourceTree = "<group>"; };
		5BFA51462B1D0B730002873D /* Discord.png */ = {isa = PBXFileReference; lastKnownFileType = image.png; path = Discord.png; sourceTree = "<group>"; };
		5BFA51482B1D1AD80002873D /* guide.png */ = {isa = PBXFileReference; lastKnownFileType = image.png; path = guide.png; sourceTree = "<group>"; };
		5BFA514A2B1D20910002873D /* guidebanner.png */ = {isa = PBXFileReference; lastKnownFileType = image.png; path = guidebanner.png; sourceTree = "<group>"; };
		5BFA514C2B1D30140002873D /* prompt.png */ = {isa = PBXFileReference; lastKnownFileType = image.png; path = prompt.png; sourceTree = "<group>"; };
		5BFA514E2B1D30FC0002873D /* Naming.png */ = {isa = PBXFileReference; lastKnownFileType = image.png; path = Naming.png; sourceTree = "<group>"; };
		5BFA51502B1D36D40002873D /* CAWelcomeTableViewController.h */ = {isa = PBXFileReference; fileEncoding = 4; lastKnownFileType = sourcecode.c.h; path = CAWelcomeTableViewController.h; sourceTree = "<group>"; };
		5BFA51512B1D36D40002873D /* CAWelcomeTableViewController.m */ = {isa = PBXFileReference; fileEncoding = 4; lastKnownFileType = sourcecode.c.objc; path = CAWelcomeTableViewController.m; sourceTree = "<group>"; };
		C62AEF5C2A898C8B00DD8D5A /* ChatGPT.app */ = {isa = PBXFileReference; explicitFileType = wrapper.application; includeInIndex = 0; path = ChatGPT.app; sourceTree = BUILT_PRODUCTS_DIR; };
		C62AEF5F2A898C8B00DD8D5A /* UIKit.framework */ = {isa = PBXFileReference; lastKnownFileType = wrapper.framework; name = UIKit.framework; path = System/Library/Frameworks/UIKit.framework; sourceTree = SDKROOT; };
		C62AEF612A898C8B00DD8D5A /* Foundation.framework */ = {isa = PBXFileReference; lastKnownFileType = wrapper.framework; name = Foundation.framework; path = System/Library/Frameworks/Foundation.framework; sourceTree = SDKROOT; };
		C62AEF632A898C8B00DD8D5A /* CoreGraphics.framework */ = {isa = PBXFileReference; lastKnownFileType = wrapper.framework; name = CoreGraphics.framework; path = System/Library/Frameworks/CoreGraphics.framework; sourceTree = SDKROOT; };
		C62AEF672A898C8B00DD8D5A /* ChatGPT-Info.plist */ = {isa = PBXFileReference; lastKnownFileType = text.plist.xml; path = "ChatGPT-Info.plist"; sourceTree = "<group>"; };
		C62AEF692A898C8B00DD8D5A /* en */ = {isa = PBXFileReference; lastKnownFileType = text.plist.strings; name = en; path = en.lproj/InfoPlist.strings; sourceTree = "<group>"; };
		C62AEF6B2A898C8B00DD8D5A /* main.m */ = {isa = PBXFileReference; lastKnownFileType = sourcecode.c.objc; lineEnding = 0; path = main.m; sourceTree = "<group>"; xcLanguageSpecificationIdentifier = xcode.lang.objc; };
		C62AEF6D2A898C8B00DD8D5A /* ChatGPT-Prefix.pch */ = {isa = PBXFileReference; lastKnownFileType = sourcecode.c.h; path = "ChatGPT-Prefix.pch"; sourceTree = "<group>"; };
		C62AEF822A898C8C00DD8D5A /* ChatGPTTests.octest */ = {isa = PBXFileReference; explicitFileType = wrapper.cfbundle; includeInIndex = 0; path = ChatGPTTests.octest; sourceTree = BUILT_PRODUCTS_DIR; };
		C62AEF832A898C8C00DD8D5A /* SenTestingKit.framework */ = {isa = PBXFileReference; lastKnownFileType = wrapper.framework; name = SenTestingKit.framework; path = Library/Frameworks/SenTestingKit.framework; sourceTree = DEVELOPER_DIR; };
		C62AEF8B2A898C8C00DD8D5A /* ChatGPTTests-Info.plist */ = {isa = PBXFileReference; lastKnownFileType = text.plist.xml; path = "ChatGPTTests-Info.plist"; sourceTree = "<group>"; };
		C62AEF8D2A898C8C00DD8D5A /* en */ = {isa = PBXFileReference; lastKnownFileType = text.plist.strings; name = en; path = en.lproj/InfoPlist.strings; sourceTree = "<group>"; };
		C62AEF8F2A898C8C00DD8D5A /* CaTests.h */ = {isa = PBXFileReference; lastKnownFileType = sourcecode.c.h; lineEnding = 0; path = CaTests.h; sourceTree = "<group>"; xcLanguageSpecificationIdentifier = xcode.lang.objcpp; };
		C62AEF902A898C8C00DD8D5A /* CaTests.m */ = {isa = PBXFileReference; lastKnownFileType = sourcecode.c.objc; lineEnding = 0; path = CaTests.m; sourceTree = "<group>"; xcLanguageSpecificationIdentifier = xcode.lang.objc; };
		C684EAF72A8BFFB900EDDDB7 /* Images.xcassets */ = {isa = PBXFileReference; lastKnownFileType = folder.assetcatalog; name = Images.xcassets; path = ../../ChatGPT/Images.xcassets; sourceTree = "<group>"; };
/* End PBXFileReference section */

/* Begin PBXFrameworksBuildPhase section */
		C62AEF592A898C8B00DD8D5A /* Frameworks */ = {
			isa = PBXFrameworksBuildPhase;
			buildActionMask = 2147483647;
			files = (
				C62AEF602A898C8B00DD8D5A /* UIKit.framework in Frameworks */,
				C62AEF622A898C8B00DD8D5A /* Foundation.framework in Frameworks */,
				C62AEF642A898C8B00DD8D5A /* CoreGraphics.framework in Frameworks */,
			);
			runOnlyForDeploymentPostprocessing = 0;
		};
		C62AEF7E2A898C8C00DD8D5A /* Frameworks */ = {
			isa = PBXFrameworksBuildPhase;
			buildActionMask = 2147483647;
			files = (
				C62AEF842A898C8C00DD8D5A /* SenTestingKit.framework in Frameworks */,
				C62AEF852A898C8C00DD8D5A /* UIKit.framework in Frameworks */,
				C62AEF862A898C8C00DD8D5A /* Foundation.framework in Frameworks */,
			);
			runOnlyForDeploymentPostprocessing = 0;
		};
/* End PBXFrameworksBuildPhase section */

/* Begin PBXGroup section */
		5B0862AD2B1BDC80008308DE /* WebViews */ = {
			isa = PBXGroup;
			children = (
				5B69E4342B1BE05800D7A1EB /* GitHub */,
				5B0862AE2B1BDC80008308DE /* Newsletter */,
			);
			path = WebViews;
			sourceTree = "<group>";
		};
		5B0862AE2B1BDC80008308DE /* Newsletter */ = {
			isa = PBXGroup;
			children = (
				5B0862AF2B1BDCA1008308DE /* CANewsletterViewController.h */,
				5B0862B02B1BDCA1008308DE /* CANewsletterViewController.m */,
			);
			path = Newsletter;
			sourceTree = "<group>";
		};
		5B3A1F4C2B19E5C4004909DE /* Classes */ = {
			isa = PBXGroup;
			children = (
				5BE68F8A2B5FDF8E000F1EC4 /* BubbleView */,
				5B3A1F4D2B19E5C4004909DE /* iPad */,
				5B3A1F502B19E5C4004909DE /* iPhone */,
			);
			path = Classes;
			sourceTree = "<group>";
		};
		5B3A1F4D2B19E5C4004909DE /* iPad */ = {
			isa = PBXGroup;
			children = (
				5BD49F5D2B23D86D00617A49 /* Pref */,
				5B3A1F4E2B19E5C4004909DE /* Chat */,
				5B3A1F4F2B19E5C4004909DE /* Sidebar */,
			);
			path = iPad;
			sourceTree = "<group>";
		};
		5B3A1F4E2B19E5C4004909DE /* Chat */ = {
			isa = PBXGroup;
			children = (
				5B077DF42B1A000000F8D4E9 /* CAiPadIsolatedChatView.h */,
				5B077DF52B1A000000F8D4E9 /* CAiPadIsolatedChatView.m */,
			);
			path = Chat;
			sourceTree = "<group>";
		};
		5B3A1F4F2B19E5C4004909DE /* Sidebar */ = {
			isa = PBXGroup;
			children = (
				5B077DFB2B1A03FE00F8D4E9 /* CASidebarTableViewController.h */,
				5B077DFC2B1A03FE00F8D4E9 /* CASidebarTableViewController.m */,
			);
			path = Sidebar;
			sourceTree = "<group>";
		};
		5B3A1F502B19E5C4004909DE /* iPhone */ = {
			isa = PBXGroup;
			children = (
				5B5723612B1CC2CA00C391B2 /* History */,
				5B0862AD2B1BDC80008308DE /* WebViews */,
				5B3A1F512B19E5C4004909DE /* About */,
				5B3A1F5C2B19E5C4004909DE /* ChatView */,
				5B3A1F5F2B19E5C4004909DE /* Delegates */,
				5B3A1F622B19E5C4004909DE /* misc */,
				5B3A1F682B19E5C4004909DE /* Settings */,
			);
			path = iPhone;
			sourceTree = "<group>";
		};
		5B3A1F512B19E5C4004909DE /* About */ = {
			isa = PBXGroup;
			children = (
				5B3A1F522B19E5C4004909DE /* bagxml */,
				5B3A1F532B19E5C4004909DE /* BaseAboutPage.h */,
				5B3A1F542B19E5C4004909DE /* BaseAboutPage.m */,
				5B3A1F552B19E5C4004909DE /* iPad */,
				5B3A1F562B19E5C4004909DE /* openai */,
				5B3A1F592B19E5C4004909DE /* shiypc */,
			);
			path = About;
			sourceTree = "<group>";
		};
		5B3A1F522B19E5C4004909DE /* bagxml */ = {
			isa = PBXGroup;
			children = (
			);
			path = bagxml;
			sourceTree = "<group>";
		};
		5B3A1F552B19E5C4004909DE /* iPad */ = {
			isa = PBXGroup;
			children = (
			);
			path = iPad;
			sourceTree = "<group>";
		};
		5B3A1F562B19E5C4004909DE /* openai */ = {
			isa = PBXGroup;
			children = (
				5B3A1F572B19E5C4004909DE /* APIHolderViewController.h */,
				5B3A1F582B19E5C4004909DE /* APIHolderViewController.m */,
			);
			path = openai;
			sourceTree = "<group>";
		};
		5B3A1F592B19E5C4004909DE /* shiypc */ = {
			isa = PBXGroup;
			children = (
				5B3A1F5A2B19E5C4004909DE /* JohnViewController.h */,
				5B3A1F5B2B19E5C4004909DE /* JohnViewController.m */,
			);
			path = shiypc;
			sourceTree = "<group>";
		};
		5B3A1F5C2B19E5C4004909DE /* ChatView */ = {
			isa = PBXGroup;
			children = (
				5B3A1F5D2B19E5C4004909DE /* ChatViewController.h */,
				5B3A1F5E2B19E5C4004909DE /* ChatViewController.m */,
			);
			path = ChatView;
			sourceTree = "<group>";
		};
		5B3A1F5F2B19E5C4004909DE /* Delegates */ = {
			isa = PBXGroup;
			children = (
				5B3A1F602B19E5C4004909DE /* AppDelegate.h */,
				5B3A1F612B19E5C4004909DE /* AppDelegate.m */,
			);
			path = Delegates;
			sourceTree = "<group>";
		};
		5B3A1F622B19E5C4004909DE /* misc */ = {
			isa = PBXGroup;
			children = (
				5B3A1F632B19E5C4004909DE /* tableviewcell */,
				5B3A1F662B19E5C4004909DE /* TRMalleableFrameView.h */,
				5B3A1F672B19E5C4004909DE /* TRMalleableFrameView.m */,
				5BFA51502B1D36D40002873D /* CAWelcomeTableViewController.h */,
				5BFA51512B1D36D40002873D /* CAWelcomeTableViewController.m */,
			);
			path = misc;
			sourceTree = "<group>";
		};
		5B3A1F632B19E5C4004909DE /* tableviewcell */ = {
			isa = PBXGroup;
			children = (
				5B3A1F642B19E5C4004909DE /* ChatTableViewCell.h */,
				5B3A1F652B19E5C4004909DE /* ChatTableViewCell.m */,
			);
			path = tableviewcell;
			sourceTree = "<group>";
		};
		5B3A1F682B19E5C4004909DE /* Settings */ = {
			isa = PBXGroup;
			children = (
				5B3A1F6C2B19E5C4004909DE /* iPad */,
				5B3A1F6D2B19E5C4004909DE /* SettingsViewController.h */,
				5B3A1F6E2B19E5C4004909DE /* SettingsViewController.m */,
				5B3A1F6F2B19E5C4004909DE /* Statistics */,
			);
			path = Settings;
			sourceTree = "<group>";
		};
		5B3A1F6C2B19E5C4004909DE /* iPad */ = {
			isa = PBXGroup;
			children = (
			);
			path = iPad;
			sourceTree = "<group>";
		};
		5B3A1F6F2B19E5C4004909DE /* Statistics */ = {
			isa = PBXGroup;
			children = (
			);
			path = Statistics;
			sourceTree = "<group>";
		};
		5B4C47CF2B1C732200D717C2 /* Tableviewcells */ = {
			isa = PBXGroup;
			children = (
				5BE4580B2B1CACE000885BD5 /* History.png */,
				5BE4580C2B1CACE000885BD5 /* NewChat.png */,
				5B4C47D42B1C748D00D717C2 /* Bag-XMLCellResource.png */,
				5B4C47D02B1C732200D717C2 /* AboutCellResource.png */,
				5B4C47D12B1C732300D717C2 /* GuideCellResource.png */,
			);
			path = Tableviewcells;
			sourceTree = "<group>";
		};
		5B5723612B1CC2CA00C391B2 /* History */ = {
			isa = PBXGroup;
			children = (
				5BEBC1CA2B1CE4B5000B39CE /* Textview */,
				5B5723622B1CC2F400C391B2 /* CAHistoryTable.h */,
				5B5723632B1CC2F400C391B2 /* CAHistoryTable.m */,
			);
			path = History;
			sourceTree = "<group>";
		};
		5B69E4342B1BE05800D7A1EB /* GitHub */ = {
			isa = PBXGroup;
			children = (
				5B69E4352B1BE06F00D7A1EB /* CASourceControlViewController.h */,
				5B69E4362B1BE06F00D7A1EB /* CASourceControlViewController.m */,
			);
			path = GitHub;
			sourceTree = "<group>";
		};
		5BB558EC2B1BD7F700CB40D2 /* Assets */ = {
			isa = PBXGroup;
			children = (
				5B4C47CF2B1C732200D717C2 /* Tableviewcells */,
				C684EAF72A8BFFB900EDDDB7 /* Images.xcassets */,
				5BB558ED2B1BD7F700CB40D2 /* About */,
				5BB558F12B1BD7F700CB40D2 /* Helper images */,
				5BB558F52B1BD7F700CB40D2 /* Icon Glyphs */,
			);
			path = Assets;
			sourceTree = "<group>";
		};
		5BB558ED2B1BD7F700CB40D2 /* About */ = {
			isa = PBXGroup;
			children = (
				5BB558EE2B1BD7F700CB40D2 /* bag-xml.png */,
				5BB558EF2B1BD7F700CB40D2 /* openai.png */,
				5BB558F02B1BD7F700CB40D2 /* shiypc.png */,
			);
			path = About;
			sourceTree = "<group>";
		};
		5BB558F12B1BD7F700CB40D2 /* Helper images */ = {
			isa = PBXGroup;
			children = (
				5B0A1F0F2B4CBABF00FA85F7 /* PREFHeader.png */,
				5B8D907D2B27792700AC7E2D /* no.png */,
				5B29A2F12B23742A00E91E18 /* Done.png */,
				5B29A2ED2B2371B400E91E18 /* Clear.png */,
				5B29A2EE2B2371B400E91E18 /* mail.png */,
				5B29A2EB2B236EDF00E91E18 /* Share.png */,
				5B29A2E92B236B8A00E91E18 /* Chat.png */,
				5BFA514E2B1D30FC0002873D /* Naming.png */,
				5BFA514C2B1D30140002873D /* prompt.png */,
				5BFA514A2B1D20910002873D /* guidebanner.png */,
				5BFA51482B1D1AD80002873D /* guide.png */,
				5BFA51462B1D0B730002873D /* Discord.png */,
				5BFA51442B1D01D80002873D /* errorwtf.png */,
				5B1893E32B1C938100AAC4C3 /* piracy.png */,
				5B4C47CD2B1C6A0F00D717C2 /* Key_Large@2x.png */,
				5BB558F22B1BD7F700CB40D2 /* banner.png */,
				5BB558F32B1BD7F700CB40D2 /* CellImage.png */,
				5BB558F42B1BD7F700CB40D2 /* Steve_Jobs.png */,
			);
			path = "Helper images";
			sourceTree = "<group>";
		};
		5BB558F52B1BD7F700CB40D2 /* Icon Glyphs */ = {
			isa = PBXGroup;
			children = (
				5BB558F62B1BD7F700CB40D2 /* preferences.png */,
				5BB558F72B1BD7F700CB40D2 /* preferences@2x.png */,
				5BB558F82B1BD7F700CB40D2 /* Send.png */,
				5BB558F92B1BD7F700CB40D2 /* Send@2x.png */,
			);
			path = "Icon Glyphs";
			sourceTree = "<group>";
		};
		5BD49F5D2B23D86D00617A49 /* Pref */ = {
			isa = PBXGroup;
			children = (
				5BD49F5E2B23D88600617A49 /* CAPrefTable.h */,
				5BD49F5F2B23D88600617A49 /* CAPrefTable.m */,
			);
			path = Pref;
			sourceTree = "<group>";
		};
		5BE68F8A2B5FDF8E000F1EC4 /* BubbleView */ = {
			isa = PBXGroup;
			children = (
				5BE68F8B2B5FDF9D000F1EC4 /* images */,
				5BE68F962B5FDF9D000F1EC4 /* NSBubbleData.h */,
				5BE68F972B5FDF9D000F1EC4 /* NSBubbleData.m */,
				5BE68F982B5FDF9D000F1EC4 /* UIBubbleHeaderTableViewCell.h */,
				5BE68F992B5FDF9D000F1EC4 /* UIBubbleHeaderTableViewCell.m */,
				5BE68F9A2B5FDF9D000F1EC4 /* UIBubbleTableView.h */,
				5BE68F9B2B5FDF9D000F1EC4 /* UIBubbleTableView.m */,
				5BE68F9C2B5FDF9D000F1EC4 /* UIBubbleTableViewCell.h */,
				5BE68F9D2B5FDF9D000F1EC4 /* UIBubbleTableViewCell.m */,
				5BE68F9E2B5FDF9D000F1EC4 /* UIBubbleTableViewDataSource.h */,
				5BE68F9F2B5FDF9D000F1EC4 /* UIBubbleTableViewDelegate.h */,
				5BE68FA02B5FDF9D000F1EC4 /* UIBubbleTypingTableViewCell.h */,
				5BE68FA12B5FDF9D000F1EC4 /* UIBubbleTypingTableViewCell.m */,
			);
			path = BubbleView;
			sourceTree = "<group>";
		};
		5BE68F8B2B5FDF9D000F1EC4 /* images */ = {
			isa = PBXGroup;
			children = (
				5BE68F8C2B5FDF9D000F1EC4 /* bubbleMine.png */,
				5BE68F8D2B5FDF9D000F1EC4 /* bubbleMine@2x.png */,
				5BE68F8E2B5FDF9D000F1EC4 /* bubbleSomeone.png */,
				5BE68F8F2B5FDF9D000F1EC4 /* bubbleSomeone@2x.png */,
				5BE68F902B5FDF9D000F1EC4 /* missingAvatar.png */,
				5BE68F912B5FDF9D000F1EC4 /* missingAvatar@2x.png */,
				5BE68F922B5FDF9D000F1EC4 /* typingMine.png */,
				5BE68F932B5FDF9D000F1EC4 /* typingMine@2x.png */,
				5BE68F942B5FDF9D000F1EC4 /* typingSomeone.png */,
				5BE68F952B5FDF9D000F1EC4 /* typingSomeone@2x.png */,
			);
			path = images;
			sourceTree = "<group>";
		};
		5BEBC1CA2B1CE4B5000B39CE /* Textview */ = {
			isa = PBXGroup;
			children = (
				5BEBC1CB2B1CE4EB000B39CE /* CAHistoryTextViewController.h */,
				5BEBC1CC2B1CE4EB000B39CE /* CAHistoryTextViewController.m */,
			);
			path = Textview;
			sourceTree = "<group>";
		};
		C62AEF532A898C8B00DD8D5A = {
			isa = PBXGroup;
			children = (
				C62AEF652A898C8B00DD8D5A /* Ca */,
				C62AEF892A898C8C00DD8D5A /* CaTests */,
				C62AEF5E2A898C8B00DD8D5A /* Frameworks */,
				C62AEF5D2A898C8B00DD8D5A /* Products */,
			);
			sourceTree = "<group>";
		};
		C62AEF5D2A898C8B00DD8D5A /* Products */ = {
			isa = PBXGroup;
			children = (
				C62AEF5C2A898C8B00DD8D5A /* ChatGPT.app */,
				C62AEF822A898C8C00DD8D5A /* ChatGPTTests.octest */,
			);
			name = Products;
			sourceTree = "<group>";
		};
		C62AEF5E2A898C8B00DD8D5A /* Frameworks */ = {
			isa = PBXGroup;
			children = (
				C62AEF5F2A898C8B00DD8D5A /* UIKit.framework */,
				C62AEF612A898C8B00DD8D5A /* Foundation.framework */,
				C62AEF632A898C8B00DD8D5A /* CoreGraphics.framework */,
				C62AEF832A898C8C00DD8D5A /* SenTestingKit.framework */,
			);
			name = Frameworks;
			sourceTree = "<group>";
		};
		C62AEF652A898C8B00DD8D5A /* Ca */ = {
			isa = PBXGroup;
			children = (
				5BB558EC2B1BD7F700CB40D2 /* Assets */,
				5B3A1F4C2B19E5C4004909DE /* Classes */,
				C6A4D45A2A8BA663007E2DE1 /* Storyboards */,
				C62AEF662A898C8B00DD8D5A /* Supporting Files */,
			);
			path = Ca;
			sourceTree = "<group>";
		};
		C62AEF662A898C8B00DD8D5A /* Supporting Files */ = {
			isa = PBXGroup;
			children = (
				C62AEF672A898C8B00DD8D5A /* ChatGPT-Info.plist */,
				C62AEF682A898C8B00DD8D5A /* InfoPlist.strings */,
				C62AEF6B2A898C8B00DD8D5A /* main.m */,
				C62AEF6D2A898C8B00DD8D5A /* ChatGPT-Prefix.pch */,
			);
			name = "Supporting Files";
			sourceTree = "<group>";
		};
		C62AEF892A898C8C00DD8D5A /* CaTests */ = {
			isa = PBXGroup;
			children = (
				C62AEF8F2A898C8C00DD8D5A /* CaTests.h */,
				C62AEF902A898C8C00DD8D5A /* CaTests.m */,
				C62AEF8A2A898C8C00DD8D5A /* Supporting Files */,
			);
			path = CaTests;
			sourceTree = "<group>";
		};
		C62AEF8A2A898C8C00DD8D5A /* Supporting Files */ = {
			isa = PBXGroup;
			children = (
				C62AEF8B2A898C8C00DD8D5A /* ChatGPTTests-Info.plist */,
				C62AEF8C2A898C8C00DD8D5A /* InfoPlist.strings */,
			);
			name = "Supporting Files";
			sourceTree = "<group>";
		};
		C6A4D45A2A8BA663007E2DE1 /* Storyboards */ = {
			isa = PBXGroup;
			children = (
				C6A4D45B2A8BA663007E2DE1 /* iPad */,
				C6A4D45C2A8BA663007E2DE1 /* iPhone */,
			);
			path = Storyboards;
			sourceTree = "<group>";
		};
		C6A4D45B2A8BA663007E2DE1 /* iPad */ = {
			isa = PBXGroup;
			children = (
				5B077DF92B1A037D00F8D4E9 /* iPad.storyboard */,
			);
			path = iPad;
			sourceTree = "<group>";
		};
		C6A4D45C2A8BA663007E2DE1 /* iPhone */ = {
			isa = PBXGroup;
			children = (
				5B077DF72B1A036200F8D4E9 /* iPhone.storyboard */,
			);
			path = iPhone;
			sourceTree = "<group>";
		};
/* End PBXGroup section */

/* Begin PBXNativeTarget section */
		C62AEF5B2A898C8B00DD8D5A /* ChatGPT */ = {
			isa = PBXNativeTarget;
			buildConfigurationList = C62AEF942A898C8C00DD8D5A /* Build configuration list for PBXNativeTarget "ChatGPT" */;
			buildPhases = (
				C62AEF582A898C8B00DD8D5A /* Sources */,
				C62AEF592A898C8B00DD8D5A /* Frameworks */,
				C62AEF5A2A898C8B00DD8D5A /* Resources */,
				50524F424C454D533F /* ShellScript */,
			);
			buildRules = (
			);
			dependencies = (
			);
			name = ChatGPT;
			productName = Ca;
			productReference = C62AEF5C2A898C8B00DD8D5A /* ChatGPT.app */;
			productType = "com.apple.product-type.application";
		};
		C62AEF812A898C8C00DD8D5A /* ChatGPTTests */ = {
			isa = PBXNativeTarget;
			buildConfigurationList = C62AEF972A898C8C00DD8D5A /* Build configuration list for PBXNativeTarget "ChatGPTTests" */;
			buildPhases = (
				C62AEF7D2A898C8C00DD8D5A /* Sources */,
				C62AEF7E2A898C8C00DD8D5A /* Frameworks */,
				C62AEF7F2A898C8C00DD8D5A /* Resources */,
				C62AEF802A898C8C00DD8D5A /* ShellScript */,
			);
			buildRules = (
			);
			dependencies = (
				C62AEF882A898C8C00DD8D5A /* PBXTargetDependency */,
			);
			name = ChatGPTTests;
			productName = CaTests;
			productReference = C62AEF822A898C8C00DD8D5A /* ChatGPTTests.octest */;
			productType = "com.apple.product-type.bundle";
		};
/* End PBXNativeTarget section */

/* Begin PBXProject section */
		C62AEF542A898C8B00DD8D5A /* Project object */ = {
			isa = PBXProject;
			attributes = {
				CLASSPREFIX = CA;
				LastTestingUpgradeCheck = 0510;
				LastUpgradeCheck = 0460;
				ORGANIZATIONNAME = electron;
			};
			buildConfigurationList = C62AEF572A898C8B00DD8D5A /* Build configuration list for PBXProject "ChatGPT" */;
			compatibilityVersion = "Xcode 3.2";
			developmentRegion = English;
			hasScannedForEncodings = 0;
			knownRegions = (
				en,
			);
			mainGroup = C62AEF532A898C8B00DD8D5A;
			productRefGroup = C62AEF5D2A898C8B00DD8D5A /* Products */;
			projectDirPath = "";
			projectRoot = "";
			targets = (
				C62AEF5B2A898C8B00DD8D5A /* ChatGPT */,
				C62AEF812A898C8C00DD8D5A /* ChatGPTTests */,
			);
		};
/* End PBXProject section */

/* Begin PBXResourcesBuildPhase section */
		C62AEF5A2A898C8B00DD8D5A /* Resources */ = {
			isa = PBXResourcesBuildPhase;
			buildActionMask = 2147483647;
			files = (
				5BFA51452B1D01D80002873D /* errorwtf.png in Resources */,
				5B29A2F22B23742A00E91E18 /* Done.png in Resources */,
				C684EAF82A8BFFB900EDDDB7 /* Images.xcassets in Resources */,
				5BFA514F2B1D30FC0002873D /* Naming.png in Resources */,
				5BFA514B2B1D20910002873D /* guidebanner.png in Resources */,
				5B1893E42B1C938100AAC4C3 /* piracy.png in Resources */,
				5B8D907E2B27792700AC7E2D /* no.png in Resources */,
				5B077DF82B1A036200F8D4E9 /* iPhone.storyboard in Resources */,
				5BB558FC2B1BD7F700CB40D2 /* shiypc.png in Resources */,
				5B29A2EA2B236B8A00E91E18 /* Chat.png in Resources */,
				5BB558FD2B1BD7F700CB40D2 /* banner.png in Resources */,
				5BE68FA42B5FDF9D000F1EC4 /* bubbleSomeone.png in Resources */,
				5BFA514D2B1D30140002873D /* prompt.png in Resources */,
				5BB559032B1BD7F700CB40D2 /* Send@2x.png in Resources */,
				5B0A1F102B4CBABF00FA85F7 /* PREFHeader.png in Resources */,
				5BE68FA52B5FDF9D000F1EC4 /* bubbleSomeone@2x.png in Resources */,
				5BE4580E2B1CACE000885BD5 /* NewChat.png in Resources */,
				5B4C47CE2B1C6A0F00D717C2 /* Key_Large@2x.png in Resources */,
				5BB559002B1BD7F700CB40D2 /* preferences.png in Resources */,
				5BE4580D2B1CACE000885BD5 /* History.png in Resources */,
				5BFA51472B1D0B730002873D /* Discord.png in Resources */,
				5B4C47D32B1C732300D717C2 /* GuideCellResource.png in Resources */,
				5B4C47D52B1C748D00D717C2 /* Bag-XMLCellResource.png in Resources */,
				5B29A2EC2B236EDF00E91E18 /* Share.png in Resources */,
				5BE68FAB2B5FDF9D000F1EC4 /* typingSomeone@2x.png in Resources */,
				5B29A2EF2B2371B400E91E18 /* Clear.png in Resources */,
				5BB558FA2B1BD7F700CB40D2 /* bag-xml.png in Resources */,
				5BB558FB2B1BD7F700CB40D2 /* openai.png in Resources */,
				5BE68FA92B5FDF9D000F1EC4 /* typingMine@2x.png in Resources */,
				5BB558FE2B1BD7F700CB40D2 /* CellImage.png in Resources */,
				5BB558FF2B1BD7F700CB40D2 /* Steve_Jobs.png in Resources */,
				5BE68FA22B5FDF9D000F1EC4 /* bubbleMine.png in Resources */,
				5BE68FA82B5FDF9D000F1EC4 /* typingMine.png in Resources */,
				5BFA51492B1D1AD80002873D /* guide.png in Resources */,
				5B4C47D22B1C732300D717C2 /* AboutCellResource.png in Resources */,
				5BE68FA62B5FDF9D000F1EC4 /* missingAvatar.png in Resources */,
				5BB559012B1BD7F700CB40D2 /* preferences@2x.png in Resources */,
				C62AEF6A2A898C8B00DD8D5A /* InfoPlist.strings in Resources */,
				5BE68FAA2B5FDF9D000F1EC4 /* typingSomeone.png in Resources */,
				5BE68FA32B5FDF9D000F1EC4 /* bubbleMine@2x.png in Resources */,
				5B29A2F02B2371B400E91E18 /* mail.png in Resources */,
				5B077DFA2B1A037D00F8D4E9 /* iPad.storyboard in Resources */,
				5BE68FA72B5FDF9D000F1EC4 /* missingAvatar@2x.png in Resources */,
				5BB559022B1BD7F700CB40D2 /* Send.png in Resources */,
			);
			runOnlyForDeploymentPostprocessing = 0;
		};
		C62AEF7F2A898C8C00DD8D5A /* Resources */ = {
			isa = PBXResourcesBuildPhase;
			buildActionMask = 2147483647;
			files = (
				C62AEF8E2A898C8C00DD8D5A /* InfoPlist.strings in Resources */,
			);
			runOnlyForDeploymentPostprocessing = 0;
		};
/* End PBXResourcesBuildPhase section */

/* Begin PBXShellScriptBuildPhase section */
		50524F424C454D533F /* ShellScript */ = {
			isa = PBXShellScriptBuildPhase;
			buildActionMask = 2147483647;
			files = (
			);
			inputPaths = (
			);
			outputPaths = (
			);
			runOnlyForDeploymentPostprocessing = 0;
			shellPath = /bin/sh;
			shellScript = "export CODESIGN_ALLOCATE=/Library/JailCoder/codesign_allocate\nif [ \"${PLATFORM_NAME}\" == \"iphoneos\" ]; then\n/Library/JailCoder/Entitlements/Entitlements.py \"my.company.${PROJECT_NAME}\" \"${BUILT_PRODUCTS_DIR}/${WRAPPER_NAME}/${PROJECT_NAME}.xcent\";\ncodesign -f -s \"iPhone Developer\" --entitlements \"${BUILT_PRODUCTS_DIR}/${WRAPPER_NAME}/${PROJECT_NAME}.xcent\" \"${BUILT_PRODUCTS_DIR}/${WRAPPER_NAME}/\"\nfi";
		};
		C62AEF802A898C8C00DD8D5A /* ShellScript */ = {
			isa = PBXShellScriptBuildPhase;
			buildActionMask = 2147483647;
			files = (
			);
			inputPaths = (
			);
			outputPaths = (
			);
			runOnlyForDeploymentPostprocessing = 0;
			shellPath = /bin/sh;
			shellScript = "# Run the unit tests in this test bundle.\n\"${SYSTEM_DEVELOPER_DIR}/Tools/RunUnitTests\"\n";
		};
/* End PBXShellScriptBuildPhase section */

/* Begin PBXSourcesBuildPhase section */
		C62AEF582A898C8B00DD8D5A /* Sources */ = {
			isa = PBXSourcesBuildPhase;
			buildActionMask = 2147483647;
			files = (
				C62AEF6C2A898C8B00DD8D5A /* main.m in Sources */,
				5BD49F602B23D88600617A49 /* CAPrefTable.m in Sources */,
				5BEBC1CD2B1CE4EB000B39CE /* CAHistoryTextViewController.m in Sources */,
				5BFA51522B1D36D40002873D /* CAWelcomeTableViewController.m in Sources */,
				5B3A1F722B19E5C4004909DE /* JohnViewController.m in Sources */,
				5BE68FAE2B5FDF9D000F1EC4 /* UIBubbleTableView.m in Sources */,
				5BE68FAF2B5FDF9D000F1EC4 /* UIBubbleTableViewCell.m in Sources */,
				5B0862B12B1BDCA1008308DE /* CANewsletterViewController.m in Sources */,
				5B3A1F742B19E5C4004909DE /* AppDelegate.m in Sources */,
				5B3A1F752B19E5C4004909DE /* ChatTableViewCell.m in Sources */,
				5B3A1F762B19E5C4004909DE /* TRMalleableFrameView.m in Sources */,
				5BE68FAD2B5FDF9D000F1EC4 /* UIBubbleHeaderTableViewCell.m in Sources */,
				5B077DFD2B1A03FE00F8D4E9 /* CASidebarTableViewController.m in Sources */,
				5B3A1F732B19E5C4004909DE /* ChatViewController.m in Sources */,
				5B3A1F782B19E5C4004909DE /* SettingsViewController.m in Sources */,
				5BE68FB02B5FDF9D000F1EC4 /* UIBubbleTypingTableViewCell.m in Sources */,
				5B077DF62B1A000000F8D4E9 /* CAiPadIsolatedChatView.m in Sources */,
				5B3A1F702B19E5C4004909DE /* BaseAboutPage.m in Sources */,
				5B3A1F712B19E5C4004909DE /* APIHolderViewController.m in Sources */,
				5B69E4372B1BE06F00D7A1EB /* CASourceControlViewController.m in Sources */,
				5BE68FAC2B5FDF9D000F1EC4 /* NSBubbleData.m in Sources */,
				5B5723642B1CC2F400C391B2 /* CAHistoryTable.m in Sources */,
			);
			runOnlyForDeploymentPostprocessing = 0;
		};
		C62AEF7D2A898C8C00DD8D5A /* Sources */ = {
			isa = PBXSourcesBuildPhase;
			buildActionMask = 2147483647;
			files = (
				C62AEF912A898C8C00DD8D5A /* CaTests.m in Sources */,
			);
			runOnlyForDeploymentPostprocessing = 0;
		};
/* End PBXSourcesBuildPhase section */

/* Begin PBXTargetDependency section */
		C62AEF882A898C8C00DD8D5A /* PBXTargetDependency */ = {
			isa = PBXTargetDependency;
			target = C62AEF5B2A898C8B00DD8D5A /* ChatGPT */;
			targetProxy = C62AEF872A898C8C00DD8D5A /* PBXContainerItemProxy */;
		};
/* End PBXTargetDependency section */

/* Begin PBXVariantGroup section */
		C62AEF682A898C8B00DD8D5A /* InfoPlist.strings */ = {
			isa = PBXVariantGroup;
			children = (
				C62AEF692A898C8B00DD8D5A /* en */,
			);
			name = InfoPlist.strings;
			sourceTree = "<group>";
		};
		C62AEF8C2A898C8C00DD8D5A /* InfoPlist.strings */ = {
			isa = PBXVariantGroup;
			children = (
				C62AEF8D2A898C8C00DD8D5A /* en */,
			);
			name = InfoPlist.strings;
			sourceTree = "<group>";
		};
/* End PBXVariantGroup section */

/* Begin XCBuildConfiguration section */
		C62AEF922A898C8C00DD8D5A /* Debug */ = {
			isa = XCBuildConfiguration;
			buildSettings = {
				ALWAYS_SEARCH_USER_PATHS = NO;
				CLANG_CXX_LANGUAGE_STANDARD = "gnu++0x";
				CLANG_CXX_LIBRARY = "libc++";
				CLANG_ENABLE_OBJC_ARC = YES;
				CLANG_WARN_CONSTANT_CONVERSION = YES;
				CLANG_WARN_EMPTY_BODY = YES;
				CLANG_WARN_ENUM_CONVERSION = YES;
				CLANG_WARN_INT_CONVERSION = YES;
				CLANG_WARN__DUPLICATE_METHOD_MATCH = YES;
				"CODE_SIGN_IDENTITY[sdk=iphoneos*]" = "";
				COPY_PHASE_STRIP = YES;
				GCC_C_LANGUAGE_STANDARD = gnu99;
				GCC_DYNAMIC_NO_PIC = NO;
				GCC_OPTIMIZATION_LEVEL = 0;
				GCC_PREPROCESSOR_DEFINITIONS = (
					"DEBUG=1",
					"$(inherited)",
				);
				GCC_SYMBOLS_PRIVATE_EXTERN = NO;
				GCC_WARN_ABOUT_RETURN_TYPE = YES;
				GCC_WARN_UNINITIALIZED_AUTOS = YES;
				GCC_WARN_UNUSED_VARIABLE = YES;
				IPHONEOS_DEPLOYMENT_TARGET = 5.0;
				ONLY_ACTIVE_ARCH = NO;
				SDKROOT = iphoneos7.1;
				TARGETED_DEVICE_FAMILY = "1,2";
			};
			name = Debug;
		};
		C62AEF932A898C8C00DD8D5A /* Release */ = {
			isa = XCBuildConfiguration;
			buildSettings = {
				ALWAYS_SEARCH_USER_PATHS = NO;
				CLANG_CXX_LANGUAGE_STANDARD = "gnu++0x";
				CLANG_CXX_LIBRARY = "libc++";
				CLANG_ENABLE_OBJC_ARC = YES;
				CLANG_WARN_CONSTANT_CONVERSION = YES;
				CLANG_WARN_EMPTY_BODY = YES;
				CLANG_WARN_ENUM_CONVERSION = YES;
				CLANG_WARN_INT_CONVERSION = YES;
				CLANG_WARN__DUPLICATE_METHOD_MATCH = YES;
				"CODE_SIGN_IDENTITY[sdk=iphoneos*]" = "";
				COPY_PHASE_STRIP = YES;
				GCC_C_LANGUAGE_STANDARD = gnu99;
				GCC_WARN_ABOUT_RETURN_TYPE = YES;
				GCC_WARN_UNINITIALIZED_AUTOS = YES;
				GCC_WARN_UNUSED_VARIABLE = YES;
				IPHONEOS_DEPLOYMENT_TARGET = 5.0;
				OTHER_CFLAGS = "-DNS_BLOCK_ASSERTIONS=1";
				SDKROOT = iphoneos7.1;
				TARGETED_DEVICE_FAMILY = "1,2";
				VALIDATE_PRODUCT = YES;
			};
			name = Release;
		};
		C62AEF952A898C8C00DD8D5A /* Debug */ = {
			isa = XCBuildConfiguration;
			buildSettings = {
				ASSETCATALOG_COMPILER_APPICON_NAME = AppIcon;
				ASSETCATALOG_COMPILER_LAUNCHIMAGE_NAME = LaunchImage;
				GCC_PRECOMPILE_PREFIX_HEADER = YES;
				GCC_PREFIX_HEADER = "Ca/ChatGPT-Prefix.pch";
				INFOPLIST_FILE = "Ca/ChatGPT-Info.plist";
				IPHONEOS_DEPLOYMENT_TARGET = 5.0;
				PRODUCT_NAME = ChatGPT;
				TARGETED_DEVICE_FAMILY = "1,2";
				WRAPPER_EXTENSION = app;
			};
			name = Debug;
		};
		C62AEF962A898C8C00DD8D5A /* Release */ = {
			isa = XCBuildConfiguration;
			buildSettings = {
				ASSETCATALOG_COMPILER_APPICON_NAME = AppIcon;
				ASSETCATALOG_COMPILER_LAUNCHIMAGE_NAME = LaunchImage;
				GCC_PRECOMPILE_PREFIX_HEADER = YES;
				GCC_PREFIX_HEADER = "Ca/ChatGPT-Prefix.pch";
				INFOPLIST_FILE = "Ca/ChatGPT-Info.plist";
				IPHONEOS_DEPLOYMENT_TARGET = 5.0;
				PRODUCT_NAME = ChatGPT;
				TARGETED_DEVICE_FAMILY = "1,2";
				WRAPPER_EXTENSION = app;
			};
			name = Release;
		};
		C62AEF982A898C8C00DD8D5A /* Debug */ = {
			isa = XCBuildConfiguration;
			buildSettings = {
				BUNDLE_LOADER = "$(BUILT_PRODUCTS_DIR)/Ca.app/Ca";
				FRAMEWORK_SEARCH_PATHS = (
					"\"$(SDKROOT)/Developer/Library/Frameworks\"",
					"\"$(DEVELOPER_LIBRARY_DIR)/Frameworks\"",
				);
				GCC_PRECOMPILE_PREFIX_HEADER = YES;
				GCC_PREFIX_HEADER = "Ca/Ca-Prefix.pch";
				INFOPLIST_FILE = "CaTests/ChatGPTTests-Info.plist";
				PRODUCT_NAME = ChatGPTTests;
				TEST_HOST = "$(BUNDLE_LOADER)";
				WRAPPER_EXTENSION = octest;
			};
			name = Debug;
		};
		C62AEF992A898C8C00DD8D5A /* Release */ = {
			isa = XCBuildConfiguration;
			buildSettings = {
				BUNDLE_LOADER = "$(BUILT_PRODUCTS_DIR)/Ca.app/Ca";
				FRAMEWORK_SEARCH_PATHS = (
					"\"$(SDKROOT)/Developer/Library/Frameworks\"",
					"\"$(DEVELOPER_LIBRARY_DIR)/Frameworks\"",
				);
				GCC_PRECOMPILE_PREFIX_HEADER = YES;
				GCC_PREFIX_HEADER = "Ca/Ca-Prefix.pch";
				INFOPLIST_FILE = "CaTests/ChatGPTTests-Info.plist";
				PRODUCT_NAME = ChatGPTTests;
				TEST_HOST = "$(BUNDLE_LOADER)";
				WRAPPER_EXTENSION = octest;
			};
			name = Release;
		};
/* End XCBuildConfiguration section */

/* Begin XCConfigurationList section */
		C62AEF572A898C8B00DD8D5A /* Build configuration list for PBXProject "ChatGPT" */ = {
			isa = XCConfigurationList;
			buildConfigurations = (
				C62AEF922A898C8C00DD8D5A /* Debug */,
				C62AEF932A898C8C00DD8D5A /* Release */,
			);
			defaultConfigurationIsVisible = 0;
			defaultConfigurationName = Release;
		};
		C62AEF942A898C8C00DD8D5A /* Build configuration list for PBXNativeTarget "ChatGPT" */ = {
			isa = XCConfigurationList;
			buildConfigurations = (
				C62AEF952A898C8C00DD8D5A /* Debug */,
				C62AEF962A898C8C00DD8D5A /* Release */,
			);
			defaultConfigurationIsVisible = 0;
			defaultConfigurationName = Release;
		};
		C62AEF972A898C8C00DD8D5A /* Build configuration list for PBXNativeTarget "ChatGPTTests" */ = {
			isa = XCConfigurationList;
			buildConfigurations = (
				C62AEF982A898C8C00DD8D5A /* Debug */,
				C62AEF992A898C8C00DD8D5A /* Release */,
			);
			defaultConfigurationIsVisible = 0;
			defaultConfigurationName = Release;
		};
/* End XCConfigurationList section */
	};
	rootObject = C62AEF542A898C8B00DD8D5A /* Project object */;
}
